{
	"name": "@okiba/smooth-scroll",
	"version": "0.0.1",
	"lockfileVersion": 1,
	"requires": true,
	"dependencies": {
		"@okiba/math": {
			"version": "1.0.8",
			"resolved": "https://registry.npmjs.org/@okiba/math/-/math-1.0.8.tgz",
			"integrity": "sha512-gdmQI4roPCR0XRM9J8u5XlcC94V1/U3MG1t/EqdOkTnk5A5US98bft/85N0tLvWXpHc/VQLNDDey3W33a23Pvw=="
		}
	}
}
