{
	"name": "@okiba/scroll-container",
	"version": "0.0.1",
	"lockfileVersion": 1,
	"requires": true,
	"dependencies": {
		"@okiba/arrays": {
			"version": "1.0.8",
			"resolved": "https://registry.npmjs.org/@okiba/arrays/-/arrays-1.0.8.tgz",
			"integrity": "sha512-ZpRrBKwiUWL0WoYrD3iswvaRpXihxmruXRIH/YcqvYyT1xUBp9Ky7/LwlsY6DEPovOcQOEMofGyMrws1jwcvvg=="
		},
		"@okiba/component": {
			"version": "1.0.9",
			"resolved": "https://registry.npmjs.org/@okiba/component/-/component-1.0.9.tgz",
			"integrity": "sha512-vs9u9jDOau+m5I3XZ6czissn2P2HUwjSjV3WIYL7D5IEKCTej4oFiHsWh3kO4gONf5Yz6W9P4HC0pGZf4JJ80Q==",
			"requires": {
				"@okiba/arrays": "^1.0.8",
				"@okiba/dom": "^1.0.9"
			}
		},
		"@okiba/dom": {
			"version": "1.0.9",
			"resolved": "https://registry.npmjs.org/@okiba/dom/-/dom-1.0.9.tgz",
			"integrity": "sha512-1lbm5g1NFwN9YWz0z/9qalY38oj1sEoydzSHB5TmET4I5/B9jmt8M5HMEmnIDK6YXo0S6Kqlxj3ME8BenyU0sg==",
			"requires": {
				"@okiba/arrays": "^1.0.8"
			}
		}
	}
}
